
Microsoft Visual Studio Solution File, Format Version 12.00
# Visual Studio 15
VisualStudioVersion = 15.0.26403.0
MinimumVisualStudioVersion = 10.0.40219.1
Project("{F184B08F-C81C-45F6-A57F-5ABD9991F28F}") = "BCrypt.Net", "BCrypt.Net\BCrypt.Net.vbproj", "{8F6DCD3E-B2B6-4639-B5B5-EE0B9CE03CE4}"
EndProject
Global
	GlobalSection(SolutionConfigurationPlatforms) = preSolution
		Debug|Any CPU = Debug|Any CPU
		Release|Any CPU = Release|Any CPU
	EndGlobalSection
	GlobalSection(ProjectConfigurationPlatforms) = postSolution
		{8F6DCD3E-B2B6-4639-B5B5-EE0B9CE03CE4}.Debug|Any CPU.ActiveCfg = Debug|Any CPU
		{8F6DCD3E-B2B6-4639-B5B5-EE0B9CE03CE4}.Debug|Any CPU.Build.0 = Debug|Any CPU
		{8F6DCD3E-B2B6-4639-B5B5-EE0B9CE03CE4}.Release|Any CPU.ActiveCfg = Release|Any CPU
		{8F6DCD3E-B2B6-4639-B5B5-EE0B9CE03CE4}.Release|Any CPU.Build.0 = Release|Any CPU
	EndGlobalSection
	GlobalSection(SolutionProperties) = preSolution
		HideSolutionNode = FALSE
	EndGlobalSection
EndGlobal
